
Microsoft Visual Studio Solution File, Format Version 12.00
# Visual Studio Version 16
VisualStudioVersion = 16.0.31829.152
MinimumVisualStudioVersion = 10.0.40219.1
Project("{FAE04EC0-301F-11D3-BF4B-00C04F79EFBC}") = "Indra", "Indra\Indra.csproj", "{817A7972-82FA-4EC7-BDD2-01E5B92A8E30}"
EndProject
Global
	GlobalSection(SolutionConfigurationPlatforms) = preSolution
		Debug|Any CPU = Debug|Any CPU
		Release|Any CPU = Release|Any CPU
	EndGlobalSection
	GlobalSection(ProjectConfigurationPlatforms) = postSolution
		{817A7972-82FA-4EC7-BDD2-01E5B92A8E30}.Debug|Any CPU.ActiveCfg = Debug|Any CPU
		{817A7972-82FA-4EC7-BDD2-01E5B92A8E30}.Debug|Any CPU.Build.0 = Debug|Any CPU
		{817A7972-82FA-4EC7-BDD2-01E5B92A8E30}.Release|Any CPU.ActiveCfg = Release|Any CPU
		{817A7972-82FA-4EC7-BDD2-01E5B92A8E30}.Release|Any CPU.Build.0 = Release|Any CPU
	EndGlobalSection
	GlobalSection(SolutionProperties) = preSolution
		HideSolutionNode = FALSE
	EndGlobalSection
	GlobalSection(ExtensibilityGlobals) = postSolution
		SolutionGuid = {441887DB-4379-4B02-9A12-7D8B7388E2EB}
	EndGlobalSection
EndGlobal
